
Microsoft Visual Studio Solution File, Format Version 12.00
# Visual Studio Version 17
VisualStudioVersion = 17.9.34902.65
MinimumVisualStudioVersion = 10.0.40219.1
Project("{FAE04EC0-301F-11D3-BF4B-00C04F79EFBC}") = "InventoryManagement.Presentation", "InventoryManagement.Presentation\InventoryManagement.Presentation.csproj", "{0284F9F9-04F2-4542-8724-031524734800}"
EndProject
Project("{FAE04EC0-301F-11D3-BF4B-00C04F79EFBC}") = "InventoryManagement.Service", "InventoryManagement.Service\InventoryManagement.Service.csproj", "{7D9915A8-2F23-491E-93D4-4BE539426D7E}"
EndProject
Project("{FAE04EC0-301F-11D3-BF4B-00C04F79EFBC}") = "InventoryManagement.Data", "InventoryManagement.Data\InventoryManagement.Data.csproj", "{1F98AE9C-CC25-463B-95A3-34F06C52B9B1}"
EndProject
Global
	GlobalSection(SolutionConfigurationPlatforms) = preSolution
		Debug|Any CPU = Debug|Any CPU
		Release|Any CPU = Release|Any CPU
	EndGlobalSection
	GlobalSection(ProjectConfigurationPlatforms) = postSolution
		{0284F9F9-04F2-4542-8724-031524734800}.Debug|Any CPU.ActiveCfg = Debug|Any CPU
		{0284F9F9-04F2-4542-8724-031524734800}.Debug|Any CPU.Build.0 = Debug|Any CPU
		{0284F9F9-04F2-4542-8724-031524734800}.Release|Any CPU.ActiveCfg = Release|Any CPU
		{0284F9F9-04F2-4542-8724-031524734800}.Release|Any CPU.Build.0 = Release|Any CPU
		{7D9915A8-2F23-491E-93D4-4BE539426D7E}.Debug|Any CPU.ActiveCfg = Debug|Any CPU
		{7D9915A8-2F23-491E-93D4-4BE539426D7E}.Debug|Any CPU.Build.0 = Debug|Any CPU
		{7D9915A8-2F23-491E-93D4-4BE539426D7E}.Release|Any CPU.ActiveCfg = Release|Any CPU
		{7D9915A8-2F23-491E-93D4-4BE539426D7E}.Release|Any CPU.Build.0 = Release|Any CPU
		{1F98AE9C-CC25-463B-95A3-34F06C52B9B1}.Debug|Any CPU.ActiveCfg = Debug|Any CPU
		{1F98AE9C-CC25-463B-95A3-34F06C52B9B1}.Debug|Any CPU.Build.0 = Debug|Any CPU
		{1F98AE9C-CC25-463B-95A3-34F06C52B9B1}.Release|Any CPU.ActiveCfg = Release|Any CPU
		{1F98AE9C-CC25-463B-95A3-34F06C52B9B1}.Release|Any CPU.Build.0 = Release|Any CPU
	EndGlobalSection
	GlobalSection(SolutionProperties) = preSolution
		HideSolutionNode = FALSE
	EndGlobalSection
	GlobalSection(ExtensibilityGlobals) = postSolution
		SolutionGuid = {26D83BA6-A8C6-4D55-9C55-299C2A0AD7BF}
	EndGlobalSection
EndGlobal
